
Microsoft Visual Studio Solution File, Format Version 12.00
# Visual Studio Version 17
VisualStudioVersion = 17.1.32210.238
MinimumVisualStudioVersion = 10.0.40219.1
Project("{FAE04EC0-301F-11D3-BF4B-00C04F79EFBC}") = "CreateTrainingFilesWindows", "CreateTrainingFilesWindows\CreateTrainingFilesWindows.csproj", "{3226443A-C6BB-4E47-BFB1-66B058883F59}"
EndProject
Global
	GlobalSection(SolutionConfigurationPlatforms) = preSolution
		Debug|Any CPU = Debug|Any CPU
		Release|Any CPU = Release|Any CPU
	EndGlobalSection
	GlobalSection(ProjectConfigurationPlatforms) = postSolution
		{3226443A-C6BB-4E47-BFB1-66B058883F59}.Debug|Any CPU.ActiveCfg = Debug|Any CPU
		{3226443A-C6BB-4E47-BFB1-66B058883F59}.Debug|Any CPU.Build.0 = Debug|Any CPU
		{3226443A-C6BB-4E47-BFB1-66B058883F59}.Release|Any CPU.ActiveCfg = Release|Any CPU
		{3226443A-C6BB-4E47-BFB1-66B058883F59}.Release|Any CPU.Build.0 = Release|Any CPU
	EndGlobalSection
	GlobalSection(SolutionProperties) = preSolution
		HideSolutionNode = FALSE
	EndGlobalSection
	GlobalSection(ExtensibilityGlobals) = postSolution
		SolutionGuid = {D4088921-1B20-40E1-B85A-993304965DB2}
	EndGlobalSection
EndGlobal
